
Microsoft Visual Studio Solution File, Format Version 12.00
# Visual Studio Version 16
VisualStudioVersion = 16.0.31729.503
MinimumVisualStudioVersion = 10.0.40219.1
Project("{9A19103F-16F7-4668-BE54-9A1E7A4F7556}") = "Mercado.App.API", "src\Mercado.App.API\Mercado.App.API.csproj", "{2B9A0DDE-AD55-4A91-A098-46FDF1C8CC4B}"
EndProject
Project("{9A19103F-16F7-4668-BE54-9A1E7A4F7556}") = "Mercado.App.Domain", "src\Mercado.App.Domain\Mercado.App.Domain.csproj", "{D6B645C9-685B-4011-B8F8-153580E9D331}"
EndProject
Project("{9A19103F-16F7-4668-BE54-9A1E7A4F7556}") = "Mercado.App.Infrastructure.Data", "src\Mercado.App.Infrastructure.Data\Mercado.App.Infrastructure.Data.csproj", "{8E9EDC1C-726F-4D2C-9F74-984F6D290381}"
EndProject
Project("{9A19103F-16F7-4668-BE54-9A1E7A4F7556}") = "Mercado.App.UnitTests", "src\Mercado.App.UnitTests\Mercado.App.UnitTests.csproj", "{92A92552-3B1A-4A4A-9525-F50C7072E178}"
EndProject
Project("{9A19103F-16F7-4668-BE54-9A1E7A4F7556}") = "Mercado.App.Validation", "src\Mercado.App.Validation\Mercado.App.Validation.csproj", "{03D9A763-8C25-4585-92B6-2EDE1BACBF77}"
EndProject
Global
	GlobalSection(SolutionConfigurationPlatforms) = preSolution
		Debug|Any CPU = Debug|Any CPU
		Release|Any CPU = Release|Any CPU
	EndGlobalSection
	GlobalSection(ProjectConfigurationPlatforms) = postSolution
		{2B9A0DDE-AD55-4A91-A098-46FDF1C8CC4B}.Debug|Any CPU.ActiveCfg = Debug|Any CPU
		{2B9A0DDE-AD55-4A91-A098-46FDF1C8CC4B}.Debug|Any CPU.Build.0 = Debug|Any CPU
		{2B9A0DDE-AD55-4A91-A098-46FDF1C8CC4B}.Release|Any CPU.ActiveCfg = Release|Any CPU
		{2B9A0DDE-AD55-4A91-A098-46FDF1C8CC4B}.Release|Any CPU.Build.0 = Release|Any CPU
		{D6B645C9-685B-4011-B8F8-153580E9D331}.Debug|Any CPU.ActiveCfg = Debug|Any CPU
		{D6B645C9-685B-4011-B8F8-153580E9D331}.Debug|Any CPU.Build.0 = Debug|Any CPU
		{D6B645C9-685B-4011-B8F8-153580E9D331}.Release|Any CPU.ActiveCfg = Release|Any CPU
		{D6B645C9-685B-4011-B8F8-153580E9D331}.Release|Any CPU.Build.0 = Release|Any CPU
		{8E9EDC1C-726F-4D2C-9F74-984F6D290381}.Debug|Any CPU.ActiveCfg = Debug|Any CPU
		{8E9EDC1C-726F-4D2C-9F74-984F6D290381}.Debug|Any CPU.Build.0 = Debug|Any CPU
		{8E9EDC1C-726F-4D2C-9F74-984F6D290381}.Release|Any CPU.ActiveCfg = Release|Any CPU
		{8E9EDC1C-726F-4D2C-9F74-984F6D290381}.Release|Any CPU.Build.0 = Release|Any CPU
		{92A92552-3B1A-4A4A-9525-F50C7072E178}.Debug|Any CPU.ActiveCfg = Debug|Any CPU
		{92A92552-3B1A-4A4A-9525-F50C7072E178}.Debug|Any CPU.Build.0 = Debug|Any CPU
		{92A92552-3B1A-4A4A-9525-F50C7072E178}.Release|Any CPU.ActiveCfg = Release|Any CPU
		{92A92552-3B1A-4A4A-9525-F50C7072E178}.Release|Any CPU.Build.0 = Release|Any CPU
		{03D9A763-8C25-4585-92B6-2EDE1BACBF77}.Debug|Any CPU.ActiveCfg = Debug|Any CPU
		{03D9A763-8C25-4585-92B6-2EDE1BACBF77}.Debug|Any CPU.Build.0 = Debug|Any CPU
		{03D9A763-8C25-4585-92B6-2EDE1BACBF77}.Release|Any CPU.ActiveCfg = Release|Any CPU
		{03D9A763-8C25-4585-92B6-2EDE1BACBF77}.Release|Any CPU.Build.0 = Release|Any CPU
	EndGlobalSection
	GlobalSection(SolutionProperties) = preSolution
		HideSolutionNode = FALSE
	EndGlobalSection
	GlobalSection(ExtensibilityGlobals) = postSolution
		SolutionGuid = {C742DBAE-42A9-4BB4-B739-038638746460}
	EndGlobalSection
EndGlobal
